github.com/dustin/go-humanize v1.0.0 h1:VSnTsYCnlFHaM2/igO1h6X3HA71jcobQuxemgkq4zYo=
github.com/dustin/go-humanize v1.0.0/go.mod h1:HtrtbFcZ19U5GC7JDqmcUSB87Iq5E25KnS6fMYU6eOk=
github.com/flynn/json5 v0.0.0-20160717195620-7620272ed633 h1:xJMmr4GMYIbALX5edyoDIOQpc2bOQTeJiWMeCl9lX/8=
github.com/flynn/json5 v0.0.0-20160717195620-7620272ed633/go.mod h1:NJDK3/o7abx6PP54EOe0G0n0RLmhCo9xv61gUYpI0EY=
github.com/gdamore/encoding v1.0.0 h1:+7OoQ1Bc6eTm5niUzBa0Ctsh6JbMW6Ra+YNuAtDBdko=
github.com/gdamore/encoding v1.0.0/go.mod h1:alR0ol34c49FCSBLjhosxzcPHQbf2trDkoo5dl+VrEg=
github.com/go-errors/errors v1.0.1 h1:LUHzmkK3GUKUrL/1gfBUxAHzcev3apQlezX/+O7ma6w=
github.com/go-errors/errors v1.0.1/go.mod h1:f4zRHt4oKfwPJE5k8C9vpYG+aDHdBFUsgrm6/TyX73Q=
github.com/lucasb-eyer/go-colorful v0.0.0-20181028223441-12d3b2882a08 h1:5MnxBC15uMxFv5FY/J/8vzyaBiArCOkMdFT9Jsw78iY=
github.com/lucasb-eyer/go-colorful v0.0.0-20181028223441-12d3b2882a08/go.mod h1:NXg0ArsFk0Y01623LgUqoqcouGDB+PwCCQlrwrG6xJ4=
github.com/mattn/go-isatty v0.0.4 h1:bnP0vzxcAdeI1zdubAl5PjU6zsERjGZb7raWodagDYs=
github.com/mattn/go-isatty v0.0.4/go.mod h1:M+lRXTBqGeGNdLjl/ufCoiOlB5xdOkqRJdNxMWT7Zi4=
github.com/mattn/go-runewidth v0.0.4 h1:2BvfKmzob6Bmd4YsL0zygOqfdFnK7GR4QL06Do4/p7Y=
github.com/mattn/go-runewidth v0.0.4/go.mod h1:LwmH8dsx7+W8Uxz3IHJYH5QSwggIsqBzpuz5H//U1FU=
github.com/mitchellh/go-homedir v1.1.0 h1:lukF9ziXFxDFPkA1vsr5zpc1XuPDn/wFntq5mG+4E0Y=
github.com/mitchellh/go-homedir v1.1.0/go.mod h1:SfyaCUpYCn1Vlf4IUYiD9fPX4A5wJrkLzIz1N1q0pr0=
github.com/sergi/go-diff v1.0.0 h1:Kpca3qRNrduNnOQeazBd0ysaKrUJiIuISHxogkT9RPQ=
github.com/sergi/go-diff v1.0.0/go.mod h1:0CfEIISq7TuYL3j771MWULgwwjU+GofnZX9QAmXWZgo=
github.com/zyedidia/clipboard v0.0.0-20180718195219-bd31d747117d h1:Lhqt2eo+rgM8aswvM7nTtAMVm8ARPWzkE9n6eZDOccY=
github.com/zyedidia/clipboard v0.0.0-20180718195219-bd31d747117d/go.mod h1:WDk3p8GiZV9+xFWlSo8qreeoLhW6Ik692rqXk+cNeRY=
github.com/zyedidia/glob v0.0.0-20170209203856-dd4023a66dc3 h1:oMHjjTLfGXVuyOQBYj5/td9WC0mw4g1xDBPovIqmHew=
github.com/zyedidia/glob v0.0.0-20170209203856-dd4023a66dc3/go.mod h1:YKbIYP//Eln8eDgAJGI3IDvR3s4Tv9Z9TGIOumiyQ5c=
github.com/zyedidia/poller v2.0.0+incompatible h1:DMOvB0EXz2JTokqOKfxPWN/8xXFJbO+m4vNhMkOY7Lo=
github.com/zyedidia/poller v2.0.0+incompatible/go.mod h1:vZXJOHGDcuK08GXhF6IAY0ZFd2WcgOR5DOTp84Uk5eE=
github.com/zyedidia/pty v1.1.1 h1:SGOF3egDZGCGbpB5DPlg+yabbAuVkUtXVeNTDFeEytM=
github.com/zyedidia/pty v1.1.1/go.mod h1:4y9l9yJZNxRa7GB/fB+mmDmGkG3CqmzLf4vUxGGotEA=
github.com/zyedidia/pty v1.1.2-0.20180126010845-30364665a244 h1:DZ7mZvUV5+oXeXV1E1t6ZIXRihHYyqYVIOSA+RGo88A=
github.com/zyedidia/pty v1.1.2-0.20180126010845-30364665a244/go.mod h1:4y9l9yJZNxRa7GB/fB+mmDmGkG3CqmzLf4vUxGGotEA=
github.com/zyedidia/tcell v0.0.0-20171006165952-a221f2faf4f9 h1:RpdSFmZxJJy2rMbQi2LcejNPEquLmB4sCVIq7F4Ha+g=
github.com/zyedidia/tcell v0.0.0-20171006165952-a221f2faf4f9/go.mod h1:yXgdp23+aW8OMENYVBvpKoeiBtjaVWJ9HhpPDu6LBfM=
github.com/zyedidia/tcell v0.0.0-20190204041104-518c15c24302 h1:ruNSURcO81y+J+XnqrLLt+zxcdFtq8QNoZfWXSsybYQ=
github.com/zyedidia/tcell v0.0.0-20190204041104-518c15c24302/go.mod h1:yXgdp23+aW8OMENYVBvpKoeiBtjaVWJ9HhpPDu6LBfM=
github.com/zyedidia/terminal v0.0.0-20180726154117-533c623e2415 h1:752dTQ5OatJ9M5ULK2+9lor+nzyZz+LYDo3WGngg3Rc=
github.com/zyedidia/terminal v0.0.0-20180726154117-533c623e2415/go.mod h1:8leT8G0Cm8NoJHdrrKHyR9MirWoF4YW7pZh06B6H+1E=
golang.org/x/text v0.3.0 h1:g61tztE5qeGQ89tm6NTjjM9VPIm088od1l6aSorWRWg=
golang.org/x/text v0.3.0/go.mod h1:NqM8EUOU14njkJ3fqMW+pc6Ldnwhi/IjpwHt7yyuwOQ=
gopkg.in/check.v1 v0.0.0-20161208181325-20d25e280405/go.mod h1:Co6ibVJAznAaIkqp8huTwlJQCZ016jof/cbN4VW5Yz0=
gopkg.in/yaml.v2 v2.2.2 h1:ZCJp+EgiOT7lHqUV2J862kp8Qj64Jo6az82+3Td9dZw=
gopkg.in/yaml.v2 v2.2.2/go.mod h1:hI93XBmqTisBFMUTm0b8Fm+jr3Dg1NNxqwp+5A1VGuI=
